# THIS IS AN AUTOGENERATED FILE. DO NOT EDIT THIS FILE DIRECTLY.
# yarn lockfile v1


embark-test-contract-1@^0.0.1:
  version "0.0.1"
  resolved "https://registry.yarnpkg.com/embark-test-contract-1/-/embark-test-contract-1-0.0.1.tgz#802b84150e8038fef6681a3f23b6f4c0dc5b3e80"
  integrity sha512-yFaXMOXOMfYRNFOKEspdXrZzyovceWedtegHtbfs8RZWRzRYY+v6ZDtGm13TRJt3Qt4VZhKky0l7G/SHZMGHCA==
